<?xml version="1.0" encoding="utf-8"?>
<Project ToolsVersion="4.0" xmlns="http://schemas.microsoft.com/developer/msbuild/2003">
  <ItemGroup>
    <Filter Include="system">
      <UniqueIdentifier>{7fb11816-3237-47d5-b7c5-1a8c77b9638a}</UniqueIdentifier>
    </Filter>
    <Filter Include="async">
      <UniqueIdentifier>{e8528b74-e0f8-44cd-9ada-5f90bc7e1670}</UniqueIdentifier>
    </Filter>
  </ItemGroup>
  <ItemGroup>
    <ClInclude Include="stdafx.h">
      <Filter>system</Filter>
    </ClInclude>
    <ClInclude Include="targetver.h">
      <Filter>system</Filter>
    </ClInclude>
    <ClInclude Include="Philosopher.h" />
    <ClInclude Include="Locker.h">
      <Filter>async</Filter>
    </ClInclude>
    <ClInclude Include="Mutex.h">
      <Filter>async</Filter>
    </ClInclude>
    <ClInclude Include="Thread.h">
      <Filter>async</Filter>
    </ClInclude>
    <ClInclude Include="Guard.h">
      <Filter>async</Filter>
    </ClInclude>
    <ClInclude Include="Writer.h">
      <Filter>async</Filter>
    </ClInclude>
    <ClInclude Include="Table.h" />
  </ItemGroup>
  <ItemGroup>
    <ClCompile Include="stdafx.cpp">
      <Filter>system</Filter>
    </ClCompile>
    <ClCompile Include="Philosophers.cpp" />
  </ItemGroup>
</Project>